dependencies:
  react-jss: 10.4.0
lockfileVersion: 5.1
packages:
  /@babel/runtime/7.11.2:
    dependencies:
      regenerator-runtime: 0.13.7
    dev: false
    resolution:
      integrity: sha512-TeWkU52so0mPtDcaCTxNBI/IHiz0pZgr8VEFqXFtZWpYD08ZB6FaSwVAS8MKRQAP3bYKiVjwysOJgMFY28o6Tw==
  /@emotion/is-prop-valid/0.7.3:
    dependencies:
      '@emotion/memoize': 0.7.1
    dev: false
    resolution:
      integrity: sha512-uxJqm/sqwXw3YPA5GXX365OBcJGFtxUVkB6WyezqFHlNe9jqUWH5ur2O2M8dGBz61kn1g3ZBlzUunFQXQIClhA==
  /@emotion/memoize/0.7.1:
    dev: false
    resolution:
      integrity: sha512-Qv4LTqO11jepd5Qmlp3M1YEjBumoTHcHFdgPTQ+sFlIL5myi/7xu/POwP7IRu6odBdmLXdtIs1D6TuW6kbwbbg==
  /css-jss/10.4.0:
    dependencies:
      '@babel/runtime': 7.11.2
      jss: 10.4.0
      jss-preset-default: 10.4.0
    dev: false
    resolution:
      integrity: sha512-WA/MgZyQm6KAubnFlBn8d6jwNjpzv0kdRCZ9Qb81ylb3/EYTz8qyjGvhIMODa/MuRBUaIMgzr2qjkb1B7WXEkw==
  /css-vendor/2.0.8:
    dependencies:
      '@babel/runtime': 7.11.2
      is-in-browser: 1.1.3
    dev: false
    resolution:
      integrity: sha512-x9Aq0XTInxrkuFeHKbYC7zWY8ai7qJ04Kxd9MnvbC1uO5DagxoHQjm4JvG+vCdXOoFtCjbL2XSZfxmoYa9uQVQ==
  /csstype/3.0.3:
    dev: false
    resolution:
      integrity: sha512-jPl+wbWPOWJ7SXsWyqGRk3lGecbar0Cb0OvZF/r/ZU011R4YqiRehgkQ9p4eQfo9DSDLqLL3wHwfxeJiuIsNag==
  /hoist-non-react-statics/3.3.2:
    dependencies:
      react-is: 16.13.1
    dev: false
    resolution:
      integrity: sha512-/gGivxi8JPKWNm/W0jSmzcMPpfpPLc3dY/6GxhX2hQ9iGj3aDfklV4ET7NjKpSinLpJ5vafa9iiGIEZg10SfBw==
  /hyphenate-style-name/1.0.4:
    dev: false
    resolution:
      integrity: sha512-ygGZLjmXfPHj+ZWh6LwbC37l43MhfztxetbFCoYTM2VjkIUpeHgSNn7QIyVFj7YQ1Wl9Cbw5sholVJPzWvC2MQ==
  /is-in-browser/1.1.3:
    dev: false
    resolution:
      integrity: sha1-Vv9NtoOgeMYILrldrX3GLh0E+DU=
  /js-tokens/4.0.0:
    dev: false
    resolution:
      integrity: sha512-RdJUflcE3cUzKiMqQgsCu06FPu9UdIJO0beYbPhHN4k6apgJtifcoCtT9bcxOpYBtpD2kCM6Sbzg4CausW/PKQ==
  /jss-plugin-camel-case/10.4.0:
    dependencies:
      '@babel/runtime': 7.11.2
      hyphenate-style-name: 1.0.4
      jss: 10.4.0
    dev: false
    resolution:
      integrity: sha512-9oDjsQ/AgdBbMyRjc06Kl3P8lDCSEts2vYZiPZfGAxbGCegqE4RnMob3mDaBby5H9vL9gWmyyImhLRWqIkRUCw==
  /jss-plugin-compose/10.4.0:
    dependencies:
      '@babel/runtime': 7.11.2
      jss: 10.4.0
      tiny-warning: 1.0.3
    dev: false
    resolution:
      integrity: sha512-m1MKZQDH/48W2NHqgsfhYBAObVHzDzSCULLLqrc8nZh1fYGvEBUND82oqd6Jh95pJbMhTzx3E9st63MivEuvAw==
  /jss-plugin-default-unit/10.4.0:
    dependencies:
      '@babel/runtime': 7.11.2
      jss: 10.4.0
    dev: false
    resolution:
      integrity: sha512-BYJ+Y3RUYiMEgmlcYMLqwbA49DcSWsGgHpVmEEllTC8MK5iJ7++pT9TnKkKBnNZZxTV75ycyFCR5xeLSOzVm4A==
  /jss-plugin-expand/10.4.0:
    dependencies:
      '@babel/runtime': 7.11.2
      jss: 10.4.0
    dev: false
    resolution:
      integrity: sha512-UiZ6D4Ud2Chg3GIzRGjgs3DLiueN4r+g1TkEgc7L/0J/L9wsvuFKOtkahdHn177+YUK5/+N05mIE9xsgREB4+Q==
  /jss-plugin-extend/10.4.0:
    dependencies:
      '@babel/runtime': 7.11.2
      jss: 10.4.0
      tiny-warning: 1.0.3
    dev: false
    resolution:
      integrity: sha512-TsgSmvWnpZWvXWpCDHl9Vj/n8wA/Awluutg/dnrfU7rwnM+BKkssHocGai8wQ5mtmIR+lYt+y7zAO+MOeigPiw==
  /jss-plugin-global/10.4.0:
    dependencies:
      '@babel/runtime': 7.11.2
      jss: 10.4.0
    dev: false
    resolution:
      integrity: sha512-b8IHMJUmv29cidt3nI4bUI1+Mo5RZE37kqthaFpmxf5K7r2aAegGliAw4hXvA70ca6ckAoXMUl4SN/zxiRcRag==
  /jss-plugin-nested/10.4.0:
    dependencies:
      '@babel/runtime': 7.11.2
      jss: 10.4.0
      tiny-warning: 1.0.3
    dev: false
    resolution:
      integrity: sha512-cKgpeHIxAP0ygeWh+drpLbrxFiak6zzJ2toVRi/NmHbpkNaLjTLgePmOz5+67ln3qzJiPdXXJB1tbOyYKAP4Pw==
  /jss-plugin-props-sort/10.4.0:
    dependencies:
      '@babel/runtime': 7.11.2
      jss: 10.4.0
    dev: false
    resolution:
      integrity: sha512-j/t0R40/2fp+Nzt6GgHeUFnHVY2kPGF5drUVlgkcwYoHCgtBDOhTTsOfdaQFW6sHWfoQYgnGV4CXdjlPiRrzwA==
  /jss-plugin-rule-value-function/10.4.0:
    dependencies:
      '@babel/runtime': 7.11.2
      jss: 10.4.0
      tiny-warning: 1.0.3
    dev: false
    resolution:
      integrity: sha512-w8504Cdfu66+0SJoLkr6GUQlEb8keHg8ymtJXdVHWh0YvFxDG2l/nS93SI5Gfx0fV29dO6yUugXnKzDFJxrdFQ==
  /jss-plugin-rule-value-observable/10.4.0:
    dependencies:
      '@babel/runtime': 7.11.2
      jss: 10.4.0
      symbol-observable: 1.2.0
    dev: false
    resolution:
      integrity: sha512-Utnsvopa2Gg9Z/9rJ5uH0Gl5QRWlnx9Hd+K/rnAc7UyxbIpvTAWMv5hsnuCUbmUSyb9RKJPHlohJNwG8rFownQ==
  /jss-plugin-template/10.4.0:
    dependencies:
      '@babel/runtime': 7.11.2
      jss: 10.4.0
      tiny-warning: 1.0.3
    dev: false
    resolution:
      integrity: sha512-bpRu56Dnas1+G/HvB0TdeC2907YujZ8F3pwLls7gNS6oJSYZD3iYbqsJuRVcAkhNINYVdcuW1SCo1aigCI7r/Q==
  /jss-plugin-vendor-prefixer/10.4.0:
    dependencies:
      '@babel/runtime': 7.11.2
      css-vendor: 2.0.8
      jss: 10.4.0
    dev: false
    resolution:
      integrity: sha512-DpF+/a+GU8hMh/948sBGnKSNfKkoHg2p9aRFUmyoyxgKjOeH9n74Ht3Yt8lOgdZsuWNJbPrvaa3U4PXKwxVpTQ==
  /jss-preset-default/10.4.0:
    dependencies:
      '@babel/runtime': 7.11.2
      jss: 10.4.0
      jss-plugin-camel-case: 10.4.0
      jss-plugin-compose: 10.4.0
      jss-plugin-default-unit: 10.4.0
      jss-plugin-expand: 10.4.0
      jss-plugin-extend: 10.4.0
      jss-plugin-global: 10.4.0
      jss-plugin-nested: 10.4.0
      jss-plugin-props-sort: 10.4.0
      jss-plugin-rule-value-function: 10.4.0
      jss-plugin-rule-value-observable: 10.4.0
      jss-plugin-template: 10.4.0
      jss-plugin-vendor-prefixer: 10.4.0
    dev: false
    resolution:
      integrity: sha512-WnmqDtQiK7bcw7yOxoW4iwf2ytVhgJfxqsb9R7V0gYOQi8TuApxs99nXgLVr3XN2HfVwk8hXlc9j50N5imozCQ==
  /jss/10.4.0:
    dependencies:
      '@babel/runtime': 7.11.2
      csstype: 3.0.3
      is-in-browser: 1.1.3
      tiny-warning: 1.0.3
    dev: false
    resolution:
      integrity: sha512-l7EwdwhsDishXzqTc3lbsbyZ83tlUl5L/Hb16pHCvZliA9lRDdNBZmHzeJHP0sxqD0t1mrMmMR8XroR12JBYzw==
  /loose-envify/1.4.0:
    dependencies:
      js-tokens: 4.0.0
    dev: false
    hasBin: true
    resolution:
      integrity: sha512-lyuxPGr/Wfhrlem2CL/UcnUc1zcqKAImBDzukY7Y5F/yQiNdko6+fRLevlw1HgMySw7f611UIY408EtxRSoK3Q==
  /object-assign/4.1.1:
    dev: false
    engines:
      node: '>=0.10.0'
    resolution:
      integrity: sha1-IQmtx5ZYh8/AXLvUQsrIv7s2CGM=
  /prop-types/15.7.2:
    dependencies:
      loose-envify: 1.4.0
      object-assign: 4.1.1
      react-is: 16.13.1
    dev: false
    resolution:
      integrity: sha512-8QQikdH7//R2vurIJSutZ1smHYTcLpRWEOlHnzcWHmBYrOGUysKwSsrC89BCiFj3CbrfJ/nXFdJepOVrY1GCHQ==
  /react-display-name/0.2.5:
    dev: false
    resolution:
      integrity: sha512-I+vcaK9t4+kypiSgaiVWAipqHRXYmZIuAiS8vzFvXHHXVigg/sMKwlRgLy6LH2i3rmP+0Vzfl5lFsFRwF1r3pg==
  /react-is/16.13.1:
    dev: false
    resolution:
      integrity: sha512-24e6ynE2H+OKt4kqsOvNd8kBpV65zoxbA4BVsEOB3ARVWQki/DHzaUoC5KuON/BiccDaCCTZBuOcfZs70kR8bQ==
  /react-jss/10.4.0:
    dependencies:
      '@babel/runtime': 7.11.2
      '@emotion/is-prop-valid': 0.7.3
      css-jss: 10.4.0
      hoist-non-react-statics: 3.3.2
      is-in-browser: 1.1.3
      jss: 10.4.0
      jss-preset-default: 10.4.0
      prop-types: 15.7.2
      shallow-equal: 1.2.1
      theming: 3.3.0
      tiny-warning: 1.0.3
    dev: false
    peerDependencies:
      react: '>=15'
    resolution:
      integrity: sha512-q0P6GQrq0bm0ms/l6QpqNaPwPuJpYP5kcCXLSwcOQUnKACXh4NCcEsnqxD56TQmbAhE1p3RhtGD5xoBda1pjwQ==
  /regenerator-runtime/0.13.7:
    dev: false
    resolution:
      integrity: sha512-a54FxoJDIr27pgf7IgeQGxmqUNYrcV338lf/6gH456HZ/PhX+5BcwHXG9ajESmwe6WRO0tAzRUrRmNONWgkrew==
  /shallow-equal/1.2.1:
    dev: false
    resolution:
      integrity: sha512-S4vJDjHHMBaiZuT9NPb616CSmLf618jawtv3sufLl6ivK8WocjAo58cXwbRV1cgqxH0Qbv+iUt6m05eqEa2IRA==
  /symbol-observable/1.2.0:
    dev: false
    engines:
      node: '>=0.10.0'
    resolution:
      integrity: sha512-e900nM8RRtGhlV36KGEU9k65K3mPb1WV70OdjfxlG2EAuM1noi/E/BaW/uMhL7bPEssK8QV57vN3esixjUvcXQ==
  /theming/3.3.0:
    dependencies:
      hoist-non-react-statics: 3.3.2
      prop-types: 15.7.2
      react-display-name: 0.2.5
      tiny-warning: 1.0.3
    dev: false
    engines:
      node: '>=8'
    peerDependencies:
      react: '>=16.3'
    resolution:
      integrity: sha512-u6l4qTJRDaWZsqa8JugaNt7Xd8PPl9+gonZaIe28vAhqgHMIG/DOyFPqiKN/gQLQYj05tHv+YQdNILL4zoiAVA==
  /tiny-warning/1.0.3:
    dev: false
    resolution:
      integrity: sha512-lBN9zLN/oAf68o3zNXYrdCt1kP8WsiGW8Oo2ka41b2IM5JL/S1CTyX1rW0mb/zSuJun0ZUrDxx4sqvYS2FWzPA==
specifiers:
  react-jss: ^10.4.0
